
Microsoft Visual Studio Solution File, Format Version 12.00
# Visual Studio Version 17
VisualStudioVersion = 17.6.33829.357
MinimumVisualStudioVersion = 10.0.40219.1
Project("{FAE04EC0-301F-11D3-BF4B-00C04F79EFBC}") = "Restaurant", "Restaurant\Restaurant.csproj", "{4F4DB3F7-70FF-46B6-BAEF-7E45766B6250}"
EndProject
Global
	GlobalSection(SolutionConfigurationPlatforms) = preSolution
		Debug|Any CPU = Debug|Any CPU
		Release|Any CPU = Release|Any CPU
	EndGlobalSection
	GlobalSection(ProjectConfigurationPlatforms) = postSolution
		{4F4DB3F7-70FF-46B6-BAEF-7E45766B6250}.Debug|Any CPU.ActiveCfg = Debug|Any CPU
		{4F4DB3F7-70FF-46B6-BAEF-7E45766B6250}.Debug|Any CPU.Build.0 = Debug|Any CPU
		{4F4DB3F7-70FF-46B6-BAEF-7E45766B6250}.Release|Any CPU.ActiveCfg = Release|Any CPU
		{4F4DB3F7-70FF-46B6-BAEF-7E45766B6250}.Release|Any CPU.Build.0 = Release|Any CPU
	EndGlobalSection
	GlobalSection(SolutionProperties) = preSolution
		HideSolutionNode = FALSE
	EndGlobalSection
	GlobalSection(ExtensibilityGlobals) = postSolution
		SolutionGuid = {217C8CFB-1904-4E54-AABF-323C384A7988}
	EndGlobalSection
EndGlobal
